
Microsoft Visual Studio Solution File, Format Version 12.00
# Visual Studio Version 16
VisualStudioVersion = 16.0.32002.261
MinimumVisualStudioVersion = 10.0.40219.1
Project("{FAE04EC0-301F-11D3-BF4B-00C04F79EFBC}") = "MyFirstASPNETWebApp", "MyFirstASPNETWebApp\MyFirstASPNETWebApp.csproj", "{88F1EC9E-A4D3-418B-B7D7-1524169A01FC}"
EndProject
Global
	GlobalSection(SolutionConfigurationPlatforms) = preSolution
		Debug|Any CPU = Debug|Any CPU
		Release|Any CPU = Release|Any CPU
	EndGlobalSection
	GlobalSection(ProjectConfigurationPlatforms) = postSolution
		{88F1EC9E-A4D3-418B-B7D7-1524169A01FC}.Debug|Any CPU.ActiveCfg = Debug|Any CPU
		{88F1EC9E-A4D3-418B-B7D7-1524169A01FC}.Debug|Any CPU.Build.0 = Debug|Any CPU
		{88F1EC9E-A4D3-418B-B7D7-1524169A01FC}.Release|Any CPU.ActiveCfg = Release|Any CPU
		{88F1EC9E-A4D3-418B-B7D7-1524169A01FC}.Release|Any CPU.Build.0 = Release|Any CPU
	EndGlobalSection
	GlobalSection(SolutionProperties) = preSolution
		HideSolutionNode = FALSE
	EndGlobalSection
	GlobalSection(ExtensibilityGlobals) = postSolution
		SolutionGuid = {3043BE03-ED91-4D23-B583-CC03DD976020}
	EndGlobalSection
EndGlobal
